
Microsoft Visual Studio Solution File, Format Version 12.00
# Visual Studio Version 17
VisualStudioVersion = 17.5.001.0
MinimumVisualStudioVersion = 10.0.40219.1
Project("{9A19103F-16F7-4668-BE54-9A1E7A4F7556}") = "little-lamb", "little-lamb.csproj", "{BAC71C14-0F9F-4A5F-877F-0223F1EFDDFB}"
EndProject
Global
	GlobalSection(SolutionConfigurationPlatforms) = preSolution
		Debug|Any CPU = Debug|Any CPU
		Release|Any CPU = Release|Any CPU
	EndGlobalSection
	GlobalSection(ProjectConfigurationPlatforms) = postSolution
		{BAC71C14-0F9F-4A5F-877F-0223F1EFDDFB}.Debug|Any CPU.ActiveCfg = Debug|Any CPU
		{BAC71C14-0F9F-4A5F-877F-0223F1EFDDFB}.Debug|Any CPU.Build.0 = Debug|Any CPU
		{BAC71C14-0F9F-4A5F-877F-0223F1EFDDFB}.Release|Any CPU.ActiveCfg = Release|Any CPU
		{BAC71C14-0F9F-4A5F-877F-0223F1EFDDFB}.Release|Any CPU.Build.0 = Release|Any CPU
	EndGlobalSection
	GlobalSection(SolutionProperties) = preSolution
		HideSolutionNode = FALSE
	EndGlobalSection
	GlobalSection(ExtensibilityGlobals) = postSolution
		SolutionGuid = {09B42C7D-6B15-4EB2-8980-126358F50552}
	EndGlobalSection
EndGlobal
